
Microsoft Visual Studio Solution File, Format Version 12.00
# Visual Studio Version 16
VisualStudioVersion = 16.0.31624.102
MinimumVisualStudioVersion = 10.0.40219.1
Project("{FAE04EC0-301F-11D3-BF4B-00C04F79EFBC}") = "TicTacToe", "TicTacToe\TicTacToe.csproj", "{5F644F70-B446-486A-8DC7-0BD1AB0B4760}"
EndProject
Global
	GlobalSection(SolutionConfigurationPlatforms) = preSolution
		Debug|Any CPU = Debug|Any CPU
		Release|Any CPU = Release|Any CPU
	EndGlobalSection
	GlobalSection(ProjectConfigurationPlatforms) = postSolution
		{5F644F70-B446-486A-8DC7-0BD1AB0B4760}.Debug|Any CPU.ActiveCfg = Debug|Any CPU
		{5F644F70-B446-486A-8DC7-0BD1AB0B4760}.Debug|Any CPU.Build.0 = Debug|Any CPU
		{5F644F70-B446-486A-8DC7-0BD1AB0B4760}.Release|Any CPU.ActiveCfg = Release|Any CPU
		{5F644F70-B446-486A-8DC7-0BD1AB0B4760}.Release|Any CPU.Build.0 = Release|Any CPU
	EndGlobalSection
	GlobalSection(SolutionProperties) = preSolution
		HideSolutionNode = FALSE
	EndGlobalSection
	GlobalSection(ExtensibilityGlobals) = postSolution
		SolutionGuid = {0588EA3F-8137-4AA3-B822-22769C81D334}
	EndGlobalSection
EndGlobal
